
Microsoft Visual Studio Solution File, Format Version 12.00
# Visual Studio Version 17
VisualStudioVersion = 17.2.32630.192
MinimumVisualStudioVersion = 10.0.40219.1
Project("{9A19103F-16F7-4668-BE54-9A1E7A4F7556}") = "R5T.Z0036", "R5T.Z0036\R5T.Z0036.csproj", "{764B035A-F45A-477B-9390-62FC9562A702}"
EndProject
Global
	GlobalSection(SolutionConfigurationPlatforms) = preSolution
		Debug|Any CPU = Debug|Any CPU
		Release|Any CPU = Release|Any CPU
	EndGlobalSection
	GlobalSection(ProjectConfigurationPlatforms) = postSolution
		{764B035A-F45A-477B-9390-62FC9562A702}.Debug|Any CPU.ActiveCfg = Debug|Any CPU
		{764B035A-F45A-477B-9390-62FC9562A702}.Debug|Any CPU.Build.0 = Debug|Any CPU
		{764B035A-F45A-477B-9390-62FC9562A702}.Release|Any CPU.ActiveCfg = Release|Any CPU
		{764B035A-F45A-477B-9390-62FC9562A702}.Release|Any CPU.Build.0 = Release|Any CPU
	EndGlobalSection
	GlobalSection(SolutionProperties) = preSolution
		HideSolutionNode = FALSE
	EndGlobalSection
	GlobalSection(ExtensibilityGlobals) = postSolution
		SolutionGuid = {8B252E3B-B773-4B15-A7A6-C2143342ADE9}
	EndGlobalSection
EndGlobal
