
Microsoft Visual Studio Solution File, Format Version 12.00
# Visual Studio Version 17
VisualStudioVersion = 17.2.32630.192
MinimumVisualStudioVersion = 10.0.40219.1
Project("{9A19103F-16F7-4668-BE54-9A1E7A4F7556}") = "R5T.Z0036.Construction", "R5T.Z0036.Construction\R5T.Z0036.Construction.csproj", "{7BD9EEA4-A153-48FC-B3E9-C0EA96F07634}"
EndProject
Project("{9A19103F-16F7-4668-BE54-9A1E7A4F7556}") = "R5T.Z0036", "R5T.Z0036\R5T.Z0036.csproj", "{15336C06-1C6F-4EE8-8164-215714521E7F}"
EndProject
Project("{9A19103F-16F7-4668-BE54-9A1E7A4F7556}") = "R5T.Z0036.Z000", "R5T.Z0036.Z000\R5T.Z0036.Z000.csproj", "{22081EE6-517D-4FD2-BCEA-88D5AEB71B4F}"
EndProject
Project("{2150E333-8FDC-42A3-9474-1A3956D46DE8}") = "_Dependencies", "_Dependencies", "{A84B61A5-07E9-4F92-877F-795DD1A7E447}"
EndProject
Project("{9A19103F-16F7-4668-BE54-9A1E7A4F7556}") = "R5T.F0000", "..\..\R5T.F0000\source\R5T.F0000\R5T.F0000.csproj", "{AAA13BE5-9CF0-435E-B6D0-94DE216216DB}"
EndProject
Project("{9A19103F-16F7-4668-BE54-9A1E7A4F7556}") = "R5T.F0002", "..\..\R5T.F0002\source\R5T.F0002\R5T.F0002.csproj", "{456E499D-6D31-43D8-9D8B-2E0C9272A954}"
EndProject
Project("{9A19103F-16F7-4668-BE54-9A1E7A4F7556}") = "R5T.F0059", "..\..\R5T.F0059\source\R5T.F0059\R5T.F0059.csproj", "{6D42F5F3-7BC9-4AEA-99DF-8257435DDE6B}"
EndProject
Project("{9A19103F-16F7-4668-BE54-9A1E7A4F7556}") = "R5T.F0120", "..\..\R5T.F0120\source\R5T.F0120\R5T.F0120.csproj", "{E7EBC33F-96FD-4320-A4AE-9D3D89C3BEB3}"
EndProject
Project("{9A19103F-16F7-4668-BE54-9A1E7A4F7556}") = "R5T.F0124", "..\..\R5T.F0124\source\R5T.F0124\R5T.F0124.csproj", "{ED696C93-239E-41F8-9472-AD0CC86EB4C9}"
EndProject
Project("{9A19103F-16F7-4668-BE54-9A1E7A4F7556}") = "R5T.F0125", "..\..\R5T.F0125\source\R5T.F0125\R5T.F0125.csproj", "{43BE0112-D6A8-4EB5-84AE-1E213F3C1B85}"
EndProject
Project("{9A19103F-16F7-4668-BE54-9A1E7A4F7556}") = "R5T.L0030.T000", "..\..\R5T.L0030\source\R5T.L0030.T000\R5T.L0030.T000.csproj", "{E82D777A-895C-4D7B-A6BA-A8BAF4540A1D}"
EndProject
Project("{9A19103F-16F7-4668-BE54-9A1E7A4F7556}") = "R5T.L0030", "..\..\R5T.L0030\source\R5T.L0030\R5T.L0030.csproj", "{C97F628D-54F4-452E-A155-7BD96B24B42D}"
EndProject
Project("{9A19103F-16F7-4668-BE54-9A1E7A4F7556}") = "R5T.L0034", "..\..\R5T.L0034\source\R5T.L0034\R5T.L0034.csproj", "{6B256F90-D705-4F95-9A40-43DD37F4E060}"
EndProject
Project("{9A19103F-16F7-4668-BE54-9A1E7A4F7556}") = "R5T.L0035", "..\..\R5T.L0035\source\R5T.L0035\R5T.L0035.csproj", "{F4E4A83A-388F-430D-A48F-AB959F87F697}"
EndProject
Project("{9A19103F-16F7-4668-BE54-9A1E7A4F7556}") = "R5T.L0053", "..\..\R5T.L0053\source\R5T.L0053\R5T.L0053.csproj", "{3A8EF4D9-09BA-4779-A30A-567921AB553D}"
EndProject
Project("{9A19103F-16F7-4668-BE54-9A1E7A4F7556}") = "R5T.L0056", "..\..\R5T.L0056\source\R5T.L0056\R5T.L0056.csproj", "{186F3489-AF2C-4C44-890F-035D30E32668}"
EndProject
Project("{9A19103F-16F7-4668-BE54-9A1E7A4F7556}") = "R5T.L0066", "..\..\R5T.L0066\source\R5T.L0066\R5T.L0066.csproj", "{799A54E1-C878-4065-9C64-E4E393363F15}"
EndProject
Project("{9A19103F-16F7-4668-BE54-9A1E7A4F7556}") = "R5T.L0071", "..\..\R5T.L0071\source\R5T.L0071\R5T.L0071.csproj", "{C9C79E71-B3B2-4DFE-A9B9-4A83F35FE3D4}"
EndProject
Project("{9A19103F-16F7-4668-BE54-9A1E7A4F7556}") = "R5T.L0074", "..\..\R5T.L0074\source\R5T.L0074\R5T.L0074.csproj", "{140AF570-DB4E-409A-ABA6-B0965D874CA3}"
EndProject
Project("{9A19103F-16F7-4668-BE54-9A1E7A4F7556}") = "R5T.NG0006", "..\..\R5T.NG0006\source\R5T.NG0006\R5T.NG0006.csproj", "{4EB4A02D-0A3D-4CAE-B3CE-E4203B9DD6D3}"
EndProject
Project("{9A19103F-16F7-4668-BE54-9A1E7A4F7556}") = "R5T.NG0022", "..\..\R5T.NG0022\source\R5T.NG0022\R5T.NG0022.csproj", "{D5A39299-786A-48DC-9021-281A3D202C09}"
EndProject
Project("{9A19103F-16F7-4668-BE54-9A1E7A4F7556}") = "R5T.T0131", "..\..\R5T.T0131\source\R5T.T0131\R5T.T0131.csproj", "{D589212B-920F-4498-A1F0-6C5A15582369}"
EndProject
Project("{9A19103F-16F7-4668-BE54-9A1E7A4F7556}") = "R5T.T0132", "..\..\R5T.T0132\source\R5T.T0132\R5T.T0132.csproj", "{9C1F43B0-FECE-47BA-A80F-04885265260E}"
EndProject
Project("{9A19103F-16F7-4668-BE54-9A1E7A4F7556}") = "R5T.T0142", "..\..\R5T.T0142\source\R5T.T0142\R5T.T0142.csproj", "{F0ABF93A-446D-4A6E-A50F-09D0F828CF9E}"
EndProject
Project("{9A19103F-16F7-4668-BE54-9A1E7A4F7556}") = "R5T.T0143", "..\..\R5T.T0143\source\R5T.T0143\R5T.T0143.csproj", "{93724DAE-2392-4652-BCF4-2B78D88BFE7C}"
EndProject
Project("{9A19103F-16F7-4668-BE54-9A1E7A4F7556}") = "R5T.T0150", "..\..\R5T.T0150\source\R5T.T0150\R5T.T0150.csproj", "{01A33D84-B18B-476E-98B5-B3B2466A1089}"
EndProject
Project("{9A19103F-16F7-4668-BE54-9A1E7A4F7556}") = "R5T.T0151", "..\..\R5T.T0151\source\R5T.T0151\R5T.T0151.csproj", "{C77BBA1A-DA44-4545-BA20-857096250C7B}"
EndProject
Project("{9A19103F-16F7-4668-BE54-9A1E7A4F7556}") = "R5T.T0156", "..\..\R5T.T0156\source\R5T.T0156\R5T.T0156.csproj", "{57ACD510-ECE3-497A-8842-A8C02CF8A4A3}"
EndProject
Project("{9A19103F-16F7-4668-BE54-9A1E7A4F7556}") = "R5T.T0158", "..\..\R5T.T0158\source\R5T.T0158\R5T.T0158.csproj", "{CFB5FEC5-9E15-4E90-BFAF-D2B56B43189D}"
EndProject
Project("{9A19103F-16F7-4668-BE54-9A1E7A4F7556}") = "R5T.T0159", "..\..\R5T.T0159\source\R5T.T0159\R5T.T0159.csproj", "{BB9CA756-CF11-4728-B9F4-D312F3055C9A}"
EndProject
Project("{9A19103F-16F7-4668-BE54-9A1E7A4F7556}") = "R5T.T0172", "..\..\R5T.T0172\source\R5T.T0172\R5T.T0172.csproj", "{45E31519-2627-4600-8044-55F2C9A90119}"
EndProject
Project("{9A19103F-16F7-4668-BE54-9A1E7A4F7556}") = "R5T.T0174", "..\..\R5T.T0174\source\R5T.T0174\R5T.T0174.csproj", "{51561667-F049-4ED2-8D52-9BF7CF98C1E9}"
EndProject
Project("{9A19103F-16F7-4668-BE54-9A1E7A4F7556}") = "R5T.T0176", "..\..\R5T.T0176\source\R5T.T0176\R5T.T0176.csproj", "{446DAF74-276B-47B4-9167-6AACD4325ED0}"
EndProject
Project("{9A19103F-16F7-4668-BE54-9A1E7A4F7556}") = "R5T.T0177", "..\..\R5T.T0177\source\R5T.T0177\R5T.T0177.csproj", "{639C217C-7DCC-42D1-B81A-C69620603A4B}"
EndProject
Project("{9A19103F-16F7-4668-BE54-9A1E7A4F7556}") = "R5T.T0178", "..\..\R5T.T0178\source\R5T.T0178\R5T.T0178.csproj", "{8DC39225-61DC-4B65-84F7-A9EF31034D23}"
EndProject
Project("{9A19103F-16F7-4668-BE54-9A1E7A4F7556}") = "R5T.T0179", "..\..\R5T.T0179\source\R5T.T0179\R5T.T0179.csproj", "{880AC27E-1F0A-4AB3-BB29-6B484BC4AA78}"
EndProject
Project("{9A19103F-16F7-4668-BE54-9A1E7A4F7556}") = "R5T.T0180", "..\..\R5T.T0180\source\R5T.T0180\R5T.T0180.csproj", "{71A87EDC-6DA0-4711-917E-0A7D016F5A29}"
EndProject
Project("{9A19103F-16F7-4668-BE54-9A1E7A4F7556}") = "R5T.T0181", "..\..\R5T.T0181\source\R5T.T0181\R5T.T0181.csproj", "{77BED23C-325D-488F-8858-212FCB6F0292}"
EndProject
Project("{9A19103F-16F7-4668-BE54-9A1E7A4F7556}") = "R5T.T0185", "..\..\R5T.T0185\source\R5T.T0185\R5T.T0185.csproj", "{AB7D2CE0-5672-4182-8481-B5767CEFEAA5}"
EndProject
Project("{9A19103F-16F7-4668-BE54-9A1E7A4F7556}") = "R5T.T0188", "..\..\R5T.T0188\source\R5T.T0188\R5T.T0188.csproj", "{49D65C8A-A8FA-459F-87DB-62AEE2615DD2}"
EndProject
Project("{9A19103F-16F7-4668-BE54-9A1E7A4F7556}") = "R5T.T0199.T000", "..\..\R5T.T0199\source\R5T.T0199.T000\R5T.T0199.T000.csproj", "{454CE2E3-7814-401B-8EFB-544D4BBD613C}"
EndProject
Project("{9A19103F-16F7-4668-BE54-9A1E7A4F7556}") = "R5T.T0199.T001", "..\..\R5T.T0199\source\R5T.T0199.T001\R5T.T0199.T001.csproj", "{84DDEF2B-6634-4974-904A-06387FEE02D3}"
EndProject
Project("{9A19103F-16F7-4668-BE54-9A1E7A4F7556}") = "R5T.T0199", "..\..\R5T.T0199\source\R5T.T0199\R5T.T0199.csproj", "{99CA70A5-DBB8-4611-B2B4-C2C7BBBDC5E3}"
EndProject
Project("{9A19103F-16F7-4668-BE54-9A1E7A4F7556}") = "R5T.T0203", "..\..\R5T.T0203\source\R5T.T0203\R5T.T0203.csproj", "{4E14A75F-7B87-4993-87D2-73535287B5A7}"
EndProject
Project("{9A19103F-16F7-4668-BE54-9A1E7A4F7556}") = "R5T.T0213", "..\..\R5T.T0213\source\R5T.T0213\R5T.T0213.csproj", "{02798EAF-8892-4FF2-8EA8-BF386B0CC08B}"
EndProject
Project("{9A19103F-16F7-4668-BE54-9A1E7A4F7556}") = "R5T.T0218", "..\..\R5T.T0218\source\R5T.T0218\R5T.T0218.csproj", "{FEAD037D-5C94-4A7F-BFBA-F542B6CEA0DA}"
EndProject
Project("{9A19103F-16F7-4668-BE54-9A1E7A4F7556}") = "R5T.T0219", "..\..\R5T.T0219\source\R5T.T0219\R5T.T0219.csproj", "{53AA2383-EB26-40BD-BC01-DD53441FF2BB}"
EndProject
Project("{9A19103F-16F7-4668-BE54-9A1E7A4F7556}") = "R5T.T0220", "..\..\R5T.T0220\source\R5T.T0220\R5T.T0220.csproj", "{A50DC695-8BAD-4E71-A707-D5063A9C5CF5}"
EndProject
Project("{9A19103F-16F7-4668-BE54-9A1E7A4F7556}") = "R5T.T0221", "..\..\R5T.T0221\source\R5T.T0221\R5T.T0221.csproj", "{80645C33-C70A-4AC7-8457-309D40487267}"
EndProject
Project("{9A19103F-16F7-4668-BE54-9A1E7A4F7556}") = "R5T.T0227", "..\..\R5T.T0227\source\R5T.T0227\R5T.T0227.csproj", "{1126FB13-2416-411D-AFD8-AB6B98850FD4}"
EndProject
Project("{9A19103F-16F7-4668-BE54-9A1E7A4F7556}") = "R5T.Y0000", "..\..\R5T.Y0000\source\R5T.Y0000\R5T.Y0000.csproj", "{8A772F4C-F250-4D85-8C0A-E51C918B377F}"
EndProject
Project("{9A19103F-16F7-4668-BE54-9A1E7A4F7556}") = "R5T.Y0006", "..\..\R5T.Y0006\source\R5T.Y0006\R5T.Y0006.csproj", "{5087F76D-E6DA-4377-9BD3-24C72BD00122}"
EndProject
Project("{9A19103F-16F7-4668-BE54-9A1E7A4F7556}") = "R5T.Z0000", "..\..\R5T.Z0000\source\R5T.Z0000\R5T.Z0000.csproj", "{6E221968-5E5E-4E9A-9C08-0DFE134B8C10}"
EndProject
Project("{9A19103F-16F7-4668-BE54-9A1E7A4F7556}") = "R5T.Z0010.Platform", "..\..\R5T.Z0010\source\R5T.Z0010.Platform\R5T.Z0010.Platform.csproj", "{965F92A9-396B-4710-B78B-B83A765983CE}"
EndProject
Project("{9A19103F-16F7-4668-BE54-9A1E7A4F7556}") = "R5T.Z0010", "..\..\R5T.Z0010\source\R5T.Z0010\R5T.Z0010.csproj", "{563306CC-C4EB-42B0-A5BA-E64D1419E115}"
EndProject
Project("{9A19103F-16F7-4668-BE54-9A1E7A4F7556}") = "R5T.Z0057.Platform", "..\..\R5T.Z0057\source\R5T.Z0057.Platform\R5T.Z0057.Platform.csproj", "{35C1927F-3CB4-4189-A2E7-BC281C053467}"
EndProject
Project("{9A19103F-16F7-4668-BE54-9A1E7A4F7556}") = "R5T.Z0057", "..\..\R5T.Z0057\source\R5T.Z0057\R5T.Z0057.csproj", "{54B35910-100A-4CF4-88FC-D53804282124}"
EndProject
Project("{9A19103F-16F7-4668-BE54-9A1E7A4F7556}") = "R5T.Z0058", "..\..\R5T.Z0058\source\R5T.Z0058\R5T.Z0058.csproj", "{1A1AD2EE-660C-4249-8D99-2B3A71F7DE79}"
EndProject
Global
	GlobalSection(NestedProjects) = preSolution
		{AAA13BE5-9CF0-435E-B6D0-94DE216216DB} = {A84B61A5-07E9-4F92-877F-795DD1A7E447}
		{456E499D-6D31-43D8-9D8B-2E0C9272A954} = {A84B61A5-07E9-4F92-877F-795DD1A7E447}
		{6D42F5F3-7BC9-4AEA-99DF-8257435DDE6B} = {A84B61A5-07E9-4F92-877F-795DD1A7E447}
		{E7EBC33F-96FD-4320-A4AE-9D3D89C3BEB3} = {A84B61A5-07E9-4F92-877F-795DD1A7E447}
		{ED696C93-239E-41F8-9472-AD0CC86EB4C9} = {A84B61A5-07E9-4F92-877F-795DD1A7E447}
		{43BE0112-D6A8-4EB5-84AE-1E213F3C1B85} = {A84B61A5-07E9-4F92-877F-795DD1A7E447}
		{E82D777A-895C-4D7B-A6BA-A8BAF4540A1D} = {A84B61A5-07E9-4F92-877F-795DD1A7E447}
		{C97F628D-54F4-452E-A155-7BD96B24B42D} = {A84B61A5-07E9-4F92-877F-795DD1A7E447}
		{6B256F90-D705-4F95-9A40-43DD37F4E060} = {A84B61A5-07E9-4F92-877F-795DD1A7E447}
		{F4E4A83A-388F-430D-A48F-AB959F87F697} = {A84B61A5-07E9-4F92-877F-795DD1A7E447}
		{3A8EF4D9-09BA-4779-A30A-567921AB553D} = {A84B61A5-07E9-4F92-877F-795DD1A7E447}
		{186F3489-AF2C-4C44-890F-035D30E32668} = {A84B61A5-07E9-4F92-877F-795DD1A7E447}
		{799A54E1-C878-4065-9C64-E4E393363F15} = {A84B61A5-07E9-4F92-877F-795DD1A7E447}
		{C9C79E71-B3B2-4DFE-A9B9-4A83F35FE3D4} = {A84B61A5-07E9-4F92-877F-795DD1A7E447}
		{140AF570-DB4E-409A-ABA6-B0965D874CA3} = {A84B61A5-07E9-4F92-877F-795DD1A7E447}
		{4EB4A02D-0A3D-4CAE-B3CE-E4203B9DD6D3} = {A84B61A5-07E9-4F92-877F-795DD1A7E447}
		{D5A39299-786A-48DC-9021-281A3D202C09} = {A84B61A5-07E9-4F92-877F-795DD1A7E447}
		{D589212B-920F-4498-A1F0-6C5A15582369} = {A84B61A5-07E9-4F92-877F-795DD1A7E447}
		{9C1F43B0-FECE-47BA-A80F-04885265260E} = {A84B61A5-07E9-4F92-877F-795DD1A7E447}
		{F0ABF93A-446D-4A6E-A50F-09D0F828CF9E} = {A84B61A5-07E9-4F92-877F-795DD1A7E447}
		{93724DAE-2392-4652-BCF4-2B78D88BFE7C} = {A84B61A5-07E9-4F92-877F-795DD1A7E447}
		{01A33D84-B18B-476E-98B5-B3B2466A1089} = {A84B61A5-07E9-4F92-877F-795DD1A7E447}
		{C77BBA1A-DA44-4545-BA20-857096250C7B} = {A84B61A5-07E9-4F92-877F-795DD1A7E447}
		{57ACD510-ECE3-497A-8842-A8C02CF8A4A3} = {A84B61A5-07E9-4F92-877F-795DD1A7E447}
		{CFB5FEC5-9E15-4E90-BFAF-D2B56B43189D} = {A84B61A5-07E9-4F92-877F-795DD1A7E447}
		{BB9CA756-CF11-4728-B9F4-D312F3055C9A} = {A84B61A5-07E9-4F92-877F-795DD1A7E447}
		{45E31519-2627-4600-8044-55F2C9A90119} = {A84B61A5-07E9-4F92-877F-795DD1A7E447}
		{51561667-F049-4ED2-8D52-9BF7CF98C1E9} = {A84B61A5-07E9-4F92-877F-795DD1A7E447}
		{446DAF74-276B-47B4-9167-6AACD4325ED0} = {A84B61A5-07E9-4F92-877F-795DD1A7E447}
		{639C217C-7DCC-42D1-B81A-C69620603A4B} = {A84B61A5-07E9-4F92-877F-795DD1A7E447}
		{8DC39225-61DC-4B65-84F7-A9EF31034D23} = {A84B61A5-07E9-4F92-877F-795DD1A7E447}
		{880AC27E-1F0A-4AB3-BB29-6B484BC4AA78} = {A84B61A5-07E9-4F92-877F-795DD1A7E447}
		{71A87EDC-6DA0-4711-917E-0A7D016F5A29} = {A84B61A5-07E9-4F92-877F-795DD1A7E447}
		{77BED23C-325D-488F-8858-212FCB6F0292} = {A84B61A5-07E9-4F92-877F-795DD1A7E447}
		{AB7D2CE0-5672-4182-8481-B5767CEFEAA5} = {A84B61A5-07E9-4F92-877F-795DD1A7E447}
		{49D65C8A-A8FA-459F-87DB-62AEE2615DD2} = {A84B61A5-07E9-4F92-877F-795DD1A7E447}
		{454CE2E3-7814-401B-8EFB-544D4BBD613C} = {A84B61A5-07E9-4F92-877F-795DD1A7E447}
		{84DDEF2B-6634-4974-904A-06387FEE02D3} = {A84B61A5-07E9-4F92-877F-795DD1A7E447}
		{99CA70A5-DBB8-4611-B2B4-C2C7BBBDC5E3} = {A84B61A5-07E9-4F92-877F-795DD1A7E447}
		{4E14A75F-7B87-4993-87D2-73535287B5A7} = {A84B61A5-07E9-4F92-877F-795DD1A7E447}
		{02798EAF-8892-4FF2-8EA8-BF386B0CC08B} = {A84B61A5-07E9-4F92-877F-795DD1A7E447}
		{FEAD037D-5C94-4A7F-BFBA-F542B6CEA0DA} = {A84B61A5-07E9-4F92-877F-795DD1A7E447}
		{53AA2383-EB26-40BD-BC01-DD53441FF2BB} = {A84B61A5-07E9-4F92-877F-795DD1A7E447}
		{A50DC695-8BAD-4E71-A707-D5063A9C5CF5} = {A84B61A5-07E9-4F92-877F-795DD1A7E447}
		{80645C33-C70A-4AC7-8457-309D40487267} = {A84B61A5-07E9-4F92-877F-795DD1A7E447}
		{1126FB13-2416-411D-AFD8-AB6B98850FD4} = {A84B61A5-07E9-4F92-877F-795DD1A7E447}
		{8A772F4C-F250-4D85-8C0A-E51C918B377F} = {A84B61A5-07E9-4F92-877F-795DD1A7E447}
		{5087F76D-E6DA-4377-9BD3-24C72BD00122} = {A84B61A5-07E9-4F92-877F-795DD1A7E447}
		{6E221968-5E5E-4E9A-9C08-0DFE134B8C10} = {A84B61A5-07E9-4F92-877F-795DD1A7E447}
		{965F92A9-396B-4710-B78B-B83A765983CE} = {A84B61A5-07E9-4F92-877F-795DD1A7E447}
		{563306CC-C4EB-42B0-A5BA-E64D1419E115} = {A84B61A5-07E9-4F92-877F-795DD1A7E447}
		{35C1927F-3CB4-4189-A2E7-BC281C053467} = {A84B61A5-07E9-4F92-877F-795DD1A7E447}
		{54B35910-100A-4CF4-88FC-D53804282124} = {A84B61A5-07E9-4F92-877F-795DD1A7E447}
		{1A1AD2EE-660C-4249-8D99-2B3A71F7DE79} = {A84B61A5-07E9-4F92-877F-795DD1A7E447}
	EndGlobalSection
	GlobalSection(SolutionConfigurationPlatforms) = preSolution
		Debug|Any CPU = Debug|Any CPU
		Release|Any CPU = Release|Any CPU
	EndGlobalSection
	GlobalSection(ProjectConfigurationPlatforms) = postSolution
		{7BD9EEA4-A153-48FC-B3E9-C0EA96F07634}.Debug|Any CPU.ActiveCfg = Debug|Any CPU
		{7BD9EEA4-A153-48FC-B3E9-C0EA96F07634}.Debug|Any CPU.Build.0 = Debug|Any CPU
		{7BD9EEA4-A153-48FC-B3E9-C0EA96F07634}.Release|Any CPU.ActiveCfg = Release|Any CPU
		{7BD9EEA4-A153-48FC-B3E9-C0EA96F07634}.Release|Any CPU.Build.0 = Release|Any CPU
		{15336C06-1C6F-4EE8-8164-215714521E7F}.Debug|Any CPU.ActiveCfg = Debug|Any CPU
		{15336C06-1C6F-4EE8-8164-215714521E7F}.Debug|Any CPU.Build.0 = Debug|Any CPU
		{15336C06-1C6F-4EE8-8164-215714521E7F}.Release|Any CPU.ActiveCfg = Release|Any CPU
		{15336C06-1C6F-4EE8-8164-215714521E7F}.Release|Any CPU.Build.0 = Release|Any CPU
		{22081EE6-517D-4FD2-BCEA-88D5AEB71B4F}.Debug|Any CPU.ActiveCfg = Debug|Any CPU
		{22081EE6-517D-4FD2-BCEA-88D5AEB71B4F}.Debug|Any CPU.Build.0 = Debug|Any CPU
		{22081EE6-517D-4FD2-BCEA-88D5AEB71B4F}.Release|Any CPU.ActiveCfg = Release|Any CPU
		{22081EE6-517D-4FD2-BCEA-88D5AEB71B4F}.Release|Any CPU.Build.0 = Release|Any CPU
		{AAA13BE5-9CF0-435E-B6D0-94DE216216DB}.Debug|Any CPU.ActiveCfg = Debug|Any CPU
		{AAA13BE5-9CF0-435E-B6D0-94DE216216DB}.Debug|Any CPU.Build.0 = Debug|Any CPU
		{AAA13BE5-9CF0-435E-B6D0-94DE216216DB}.Release|Any CPU.ActiveCfg = Release|Any CPU
		{AAA13BE5-9CF0-435E-B6D0-94DE216216DB}.Release|Any CPU.Build.0 = Release|Any CPU
		{456E499D-6D31-43D8-9D8B-2E0C9272A954}.Debug|Any CPU.ActiveCfg = Debug|Any CPU
		{456E499D-6D31-43D8-9D8B-2E0C9272A954}.Debug|Any CPU.Build.0 = Debug|Any CPU
		{456E499D-6D31-43D8-9D8B-2E0C9272A954}.Release|Any CPU.ActiveCfg = Release|Any CPU
		{456E499D-6D31-43D8-9D8B-2E0C9272A954}.Release|Any CPU.Build.0 = Release|Any CPU
		{6D42F5F3-7BC9-4AEA-99DF-8257435DDE6B}.Debug|Any CPU.ActiveCfg = Debug|Any CPU
		{6D42F5F3-7BC9-4AEA-99DF-8257435DDE6B}.Debug|Any CPU.Build.0 = Debug|Any CPU
		{6D42F5F3-7BC9-4AEA-99DF-8257435DDE6B}.Release|Any CPU.ActiveCfg = Release|Any CPU
		{6D42F5F3-7BC9-4AEA-99DF-8257435DDE6B}.Release|Any CPU.Build.0 = Release|Any CPU
		{E7EBC33F-96FD-4320-A4AE-9D3D89C3BEB3}.Debug|Any CPU.ActiveCfg = Debug|Any CPU
		{E7EBC33F-96FD-4320-A4AE-9D3D89C3BEB3}.Debug|Any CPU.Build.0 = Debug|Any CPU
		{E7EBC33F-96FD-4320-A4AE-9D3D89C3BEB3}.Release|Any CPU.ActiveCfg = Release|Any CPU
		{E7EBC33F-96FD-4320-A4AE-9D3D89C3BEB3}.Release|Any CPU.Build.0 = Release|Any CPU
		{ED696C93-239E-41F8-9472-AD0CC86EB4C9}.Debug|Any CPU.ActiveCfg = Debug|Any CPU
		{ED696C93-239E-41F8-9472-AD0CC86EB4C9}.Debug|Any CPU.Build.0 = Debug|Any CPU
		{ED696C93-239E-41F8-9472-AD0CC86EB4C9}.Release|Any CPU.ActiveCfg = Release|Any CPU
		{ED696C93-239E-41F8-9472-AD0CC86EB4C9}.Release|Any CPU.Build.0 = Release|Any CPU
		{43BE0112-D6A8-4EB5-84AE-1E213F3C1B85}.Debug|Any CPU.ActiveCfg = Debug|Any CPU
		{43BE0112-D6A8-4EB5-84AE-1E213F3C1B85}.Debug|Any CPU.Build.0 = Debug|Any CPU
		{43BE0112-D6A8-4EB5-84AE-1E213F3C1B85}.Release|Any CPU.ActiveCfg = Release|Any CPU
		{43BE0112-D6A8-4EB5-84AE-1E213F3C1B85}.Release|Any CPU.Build.0 = Release|Any CPU
		{E82D777A-895C-4D7B-A6BA-A8BAF4540A1D}.Debug|Any CPU.ActiveCfg = Debug|Any CPU
		{E82D777A-895C-4D7B-A6BA-A8BAF4540A1D}.Debug|Any CPU.Build.0 = Debug|Any CPU
		{E82D777A-895C-4D7B-A6BA-A8BAF4540A1D}.Release|Any CPU.ActiveCfg = Release|Any CPU
		{E82D777A-895C-4D7B-A6BA-A8BAF4540A1D}.Release|Any CPU.Build.0 = Release|Any CPU
		{C97F628D-54F4-452E-A155-7BD96B24B42D}.Debug|Any CPU.ActiveCfg = Debug|Any CPU
		{C97F628D-54F4-452E-A155-7BD96B24B42D}.Debug|Any CPU.Build.0 = Debug|Any CPU
		{C97F628D-54F4-452E-A155-7BD96B24B42D}.Release|Any CPU.ActiveCfg = Release|Any CPU
		{C97F628D-54F4-452E-A155-7BD96B24B42D}.Release|Any CPU.Build.0 = Release|Any CPU
		{6B256F90-D705-4F95-9A40-43DD37F4E060}.Debug|Any CPU.ActiveCfg = Debug|Any CPU
		{6B256F90-D705-4F95-9A40-43DD37F4E060}.Debug|Any CPU.Build.0 = Debug|Any CPU
		{6B256F90-D705-4F95-9A40-43DD37F4E060}.Release|Any CPU.ActiveCfg = Release|Any CPU
		{6B256F90-D705-4F95-9A40-43DD37F4E060}.Release|Any CPU.Build.0 = Release|Any CPU
		{F4E4A83A-388F-430D-A48F-AB959F87F697}.Debug|Any CPU.ActiveCfg = Debug|Any CPU
		{F4E4A83A-388F-430D-A48F-AB959F87F697}.Debug|Any CPU.Build.0 = Debug|Any CPU
		{F4E4A83A-388F-430D-A48F-AB959F87F697}.Release|Any CPU.ActiveCfg = Release|Any CPU
		{F4E4A83A-388F-430D-A48F-AB959F87F697}.Release|Any CPU.Build.0 = Release|Any CPU
		{3A8EF4D9-09BA-4779-A30A-567921AB553D}.Debug|Any CPU.ActiveCfg = Debug|Any CPU
		{3A8EF4D9-09BA-4779-A30A-567921AB553D}.Debug|Any CPU.Build.0 = Debug|Any CPU
		{3A8EF4D9-09BA-4779-A30A-567921AB553D}.Release|Any CPU.ActiveCfg = Release|Any CPU
		{3A8EF4D9-09BA-4779-A30A-567921AB553D}.Release|Any CPU.Build.0 = Release|Any CPU
		{186F3489-AF2C-4C44-890F-035D30E32668}.Debug|Any CPU.ActiveCfg = Debug|Any CPU
		{186F3489-AF2C-4C44-890F-035D30E32668}.Debug|Any CPU.Build.0 = Debug|Any CPU
		{186F3489-AF2C-4C44-890F-035D30E32668}.Release|Any CPU.ActiveCfg = Release|Any CPU
		{186F3489-AF2C-4C44-890F-035D30E32668}.Release|Any CPU.Build.0 = Release|Any CPU
		{799A54E1-C878-4065-9C64-E4E393363F15}.Debug|Any CPU.ActiveCfg = Debug|Any CPU
		{799A54E1-C878-4065-9C64-E4E393363F15}.Debug|Any CPU.Build.0 = Debug|Any CPU
		{799A54E1-C878-4065-9C64-E4E393363F15}.Release|Any CPU.ActiveCfg = Release|Any CPU
		{799A54E1-C878-4065-9C64-E4E393363F15}.Release|Any CPU.Build.0 = Release|Any CPU
		{C9C79E71-B3B2-4DFE-A9B9-4A83F35FE3D4}.Debug|Any CPU.ActiveCfg = Debug|Any CPU
		{C9C79E71-B3B2-4DFE-A9B9-4A83F35FE3D4}.Debug|Any CPU.Build.0 = Debug|Any CPU
		{C9C79E71-B3B2-4DFE-A9B9-4A83F35FE3D4}.Release|Any CPU.ActiveCfg = Release|Any CPU
		{C9C79E71-B3B2-4DFE-A9B9-4A83F35FE3D4}.Release|Any CPU.Build.0 = Release|Any CPU
		{140AF570-DB4E-409A-ABA6-B0965D874CA3}.Debug|Any CPU.ActiveCfg = Debug|Any CPU
		{140AF570-DB4E-409A-ABA6-B0965D874CA3}.Debug|Any CPU.Build.0 = Debug|Any CPU
		{140AF570-DB4E-409A-ABA6-B0965D874CA3}.Release|Any CPU.ActiveCfg = Release|Any CPU
		{140AF570-DB4E-409A-ABA6-B0965D874CA3}.Release|Any CPU.Build.0 = Release|Any CPU
		{4EB4A02D-0A3D-4CAE-B3CE-E4203B9DD6D3}.Debug|Any CPU.ActiveCfg = Debug|Any CPU
		{4EB4A02D-0A3D-4CAE-B3CE-E4203B9DD6D3}.Debug|Any CPU.Build.0 = Debug|Any CPU
		{4EB4A02D-0A3D-4CAE-B3CE-E4203B9DD6D3}.Release|Any CPU.ActiveCfg = Release|Any CPU
		{4EB4A02D-0A3D-4CAE-B3CE-E4203B9DD6D3}.Release|Any CPU.Build.0 = Release|Any CPU
		{D5A39299-786A-48DC-9021-281A3D202C09}.Debug|Any CPU.ActiveCfg = Debug|Any CPU
		{D5A39299-786A-48DC-9021-281A3D202C09}.Debug|Any CPU.Build.0 = Debug|Any CPU
		{D5A39299-786A-48DC-9021-281A3D202C09}.Release|Any CPU.ActiveCfg = Release|Any CPU
		{D5A39299-786A-48DC-9021-281A3D202C09}.Release|Any CPU.Build.0 = Release|Any CPU
		{D589212B-920F-4498-A1F0-6C5A15582369}.Debug|Any CPU.ActiveCfg = Debug|Any CPU
		{D589212B-920F-4498-A1F0-6C5A15582369}.Debug|Any CPU.Build.0 = Debug|Any CPU
		{D589212B-920F-4498-A1F0-6C5A15582369}.Release|Any CPU.ActiveCfg = Release|Any CPU
		{D589212B-920F-4498-A1F0-6C5A15582369}.Release|Any CPU.Build.0 = Release|Any CPU
		{9C1F43B0-FECE-47BA-A80F-04885265260E}.Debug|Any CPU.ActiveCfg = Debug|Any CPU
		{9C1F43B0-FECE-47BA-A80F-04885265260E}.Debug|Any CPU.Build.0 = Debug|Any CPU
		{9C1F43B0-FECE-47BA-A80F-04885265260E}.Release|Any CPU.ActiveCfg = Release|Any CPU
		{9C1F43B0-FECE-47BA-A80F-04885265260E}.Release|Any CPU.Build.0 = Release|Any CPU
		{F0ABF93A-446D-4A6E-A50F-09D0F828CF9E}.Debug|Any CPU.ActiveCfg = Debug|Any CPU
		{F0ABF93A-446D-4A6E-A50F-09D0F828CF9E}.Debug|Any CPU.Build.0 = Debug|Any CPU
		{F0ABF93A-446D-4A6E-A50F-09D0F828CF9E}.Release|Any CPU.ActiveCfg = Release|Any CPU
		{F0ABF93A-446D-4A6E-A50F-09D0F828CF9E}.Release|Any CPU.Build.0 = Release|Any CPU
		{93724DAE-2392-4652-BCF4-2B78D88BFE7C}.Debug|Any CPU.ActiveCfg = Debug|Any CPU
		{93724DAE-2392-4652-BCF4-2B78D88BFE7C}.Debug|Any CPU.Build.0 = Debug|Any CPU
		{93724DAE-2392-4652-BCF4-2B78D88BFE7C}.Release|Any CPU.ActiveCfg = Release|Any CPU
		{93724DAE-2392-4652-BCF4-2B78D88BFE7C}.Release|Any CPU.Build.0 = Release|Any CPU
		{01A33D84-B18B-476E-98B5-B3B2466A1089}.Debug|Any CPU.ActiveCfg = Debug|Any CPU
		{01A33D84-B18B-476E-98B5-B3B2466A1089}.Debug|Any CPU.Build.0 = Debug|Any CPU
		{01A33D84-B18B-476E-98B5-B3B2466A1089}.Release|Any CPU.ActiveCfg = Release|Any CPU
		{01A33D84-B18B-476E-98B5-B3B2466A1089}.Release|Any CPU.Build.0 = Release|Any CPU
		{C77BBA1A-DA44-4545-BA20-857096250C7B}.Debug|Any CPU.ActiveCfg = Debug|Any CPU
		{C77BBA1A-DA44-4545-BA20-857096250C7B}.Debug|Any CPU.Build.0 = Debug|Any CPU
		{C77BBA1A-DA44-4545-BA20-857096250C7B}.Release|Any CPU.ActiveCfg = Release|Any CPU
		{C77BBA1A-DA44-4545-BA20-857096250C7B}.Release|Any CPU.Build.0 = Release|Any CPU
		{57ACD510-ECE3-497A-8842-A8C02CF8A4A3}.Debug|Any CPU.ActiveCfg = Debug|Any CPU
		{57ACD510-ECE3-497A-8842-A8C02CF8A4A3}.Debug|Any CPU.Build.0 = Debug|Any CPU
		{57ACD510-ECE3-497A-8842-A8C02CF8A4A3}.Release|Any CPU.ActiveCfg = Release|Any CPU
		{57ACD510-ECE3-497A-8842-A8C02CF8A4A3}.Release|Any CPU.Build.0 = Release|Any CPU
		{CFB5FEC5-9E15-4E90-BFAF-D2B56B43189D}.Debug|Any CPU.ActiveCfg = Debug|Any CPU
		{CFB5FEC5-9E15-4E90-BFAF-D2B56B43189D}.Debug|Any CPU.Build.0 = Debug|Any CPU
		{CFB5FEC5-9E15-4E90-BFAF-D2B56B43189D}.Release|Any CPU.ActiveCfg = Release|Any CPU
		{CFB5FEC5-9E15-4E90-BFAF-D2B56B43189D}.Release|Any CPU.Build.0 = Release|Any CPU
		{BB9CA756-CF11-4728-B9F4-D312F3055C9A}.Debug|Any CPU.ActiveCfg = Debug|Any CPU
		{BB9CA756-CF11-4728-B9F4-D312F3055C9A}.Debug|Any CPU.Build.0 = Debug|Any CPU
		{BB9CA756-CF11-4728-B9F4-D312F3055C9A}.Release|Any CPU.ActiveCfg = Release|Any CPU
		{BB9CA756-CF11-4728-B9F4-D312F3055C9A}.Release|Any CPU.Build.0 = Release|Any CPU
		{45E31519-2627-4600-8044-55F2C9A90119}.Debug|Any CPU.ActiveCfg = Debug|Any CPU
		{45E31519-2627-4600-8044-55F2C9A90119}.Debug|Any CPU.Build.0 = Debug|Any CPU
		{45E31519-2627-4600-8044-55F2C9A90119}.Release|Any CPU.ActiveCfg = Release|Any CPU
		{45E31519-2627-4600-8044-55F2C9A90119}.Release|Any CPU.Build.0 = Release|Any CPU
		{51561667-F049-4ED2-8D52-9BF7CF98C1E9}.Debug|Any CPU.ActiveCfg = Debug|Any CPU
		{51561667-F049-4ED2-8D52-9BF7CF98C1E9}.Debug|Any CPU.Build.0 = Debug|Any CPU
		{51561667-F049-4ED2-8D52-9BF7CF98C1E9}.Release|Any CPU.ActiveCfg = Release|Any CPU
		{51561667-F049-4ED2-8D52-9BF7CF98C1E9}.Release|Any CPU.Build.0 = Release|Any CPU
		{446DAF74-276B-47B4-9167-6AACD4325ED0}.Debug|Any CPU.ActiveCfg = Debug|Any CPU
		{446DAF74-276B-47B4-9167-6AACD4325ED0}.Debug|Any CPU.Build.0 = Debug|Any CPU
		{446DAF74-276B-47B4-9167-6AACD4325ED0}.Release|Any CPU.ActiveCfg = Release|Any CPU
		{446DAF74-276B-47B4-9167-6AACD4325ED0}.Release|Any CPU.Build.0 = Release|Any CPU
		{639C217C-7DCC-42D1-B81A-C69620603A4B}.Debug|Any CPU.ActiveCfg = Debug|Any CPU
		{639C217C-7DCC-42D1-B81A-C69620603A4B}.Debug|Any CPU.Build.0 = Debug|Any CPU
		{639C217C-7DCC-42D1-B81A-C69620603A4B}.Release|Any CPU.ActiveCfg = Release|Any CPU
		{639C217C-7DCC-42D1-B81A-C69620603A4B}.Release|Any CPU.Build.0 = Release|Any CPU
		{8DC39225-61DC-4B65-84F7-A9EF31034D23}.Debug|Any CPU.ActiveCfg = Debug|Any CPU
		{8DC39225-61DC-4B65-84F7-A9EF31034D23}.Debug|Any CPU.Build.0 = Debug|Any CPU
		{8DC39225-61DC-4B65-84F7-A9EF31034D23}.Release|Any CPU.ActiveCfg = Release|Any CPU
		{8DC39225-61DC-4B65-84F7-A9EF31034D23}.Release|Any CPU.Build.0 = Release|Any CPU
		{880AC27E-1F0A-4AB3-BB29-6B484BC4AA78}.Debug|Any CPU.ActiveCfg = Debug|Any CPU
		{880AC27E-1F0A-4AB3-BB29-6B484BC4AA78}.Debug|Any CPU.Build.0 = Debug|Any CPU
		{880AC27E-1F0A-4AB3-BB29-6B484BC4AA78}.Release|Any CPU.ActiveCfg = Release|Any CPU
		{880AC27E-1F0A-4AB3-BB29-6B484BC4AA78}.Release|Any CPU.Build.0 = Release|Any CPU
		{71A87EDC-6DA0-4711-917E-0A7D016F5A29}.Debug|Any CPU.ActiveCfg = Debug|Any CPU
		{71A87EDC-6DA0-4711-917E-0A7D016F5A29}.Debug|Any CPU.Build.0 = Debug|Any CPU
		{71A87EDC-6DA0-4711-917E-0A7D016F5A29}.Release|Any CPU.ActiveCfg = Release|Any CPU
		{71A87EDC-6DA0-4711-917E-0A7D016F5A29}.Release|Any CPU.Build.0 = Release|Any CPU
		{77BED23C-325D-488F-8858-212FCB6F0292}.Debug|Any CPU.ActiveCfg = Debug|Any CPU
		{77BED23C-325D-488F-8858-212FCB6F0292}.Debug|Any CPU.Build.0 = Debug|Any CPU
		{77BED23C-325D-488F-8858-212FCB6F0292}.Release|Any CPU.ActiveCfg = Release|Any CPU
		{77BED23C-325D-488F-8858-212FCB6F0292}.Release|Any CPU.Build.0 = Release|Any CPU
		{AB7D2CE0-5672-4182-8481-B5767CEFEAA5}.Debug|Any CPU.ActiveCfg = Debug|Any CPU
		{AB7D2CE0-5672-4182-8481-B5767CEFEAA5}.Debug|Any CPU.Build.0 = Debug|Any CPU
		{AB7D2CE0-5672-4182-8481-B5767CEFEAA5}.Release|Any CPU.ActiveCfg = Release|Any CPU
		{AB7D2CE0-5672-4182-8481-B5767CEFEAA5}.Release|Any CPU.Build.0 = Release|Any CPU
		{49D65C8A-A8FA-459F-87DB-62AEE2615DD2}.Debug|Any CPU.ActiveCfg = Debug|Any CPU
		{49D65C8A-A8FA-459F-87DB-62AEE2615DD2}.Debug|Any CPU.Build.0 = Debug|Any CPU
		{49D65C8A-A8FA-459F-87DB-62AEE2615DD2}.Release|Any CPU.ActiveCfg = Release|Any CPU
		{49D65C8A-A8FA-459F-87DB-62AEE2615DD2}.Release|Any CPU.Build.0 = Release|Any CPU
		{454CE2E3-7814-401B-8EFB-544D4BBD613C}.Debug|Any CPU.ActiveCfg = Debug|Any CPU
		{454CE2E3-7814-401B-8EFB-544D4BBD613C}.Debug|Any CPU.Build.0 = Debug|Any CPU
		{454CE2E3-7814-401B-8EFB-544D4BBD613C}.Release|Any CPU.ActiveCfg = Release|Any CPU
		{454CE2E3-7814-401B-8EFB-544D4BBD613C}.Release|Any CPU.Build.0 = Release|Any CPU
		{84DDEF2B-6634-4974-904A-06387FEE02D3}.Debug|Any CPU.ActiveCfg = Debug|Any CPU
		{84DDEF2B-6634-4974-904A-06387FEE02D3}.Debug|Any CPU.Build.0 = Debug|Any CPU
		{84DDEF2B-6634-4974-904A-06387FEE02D3}.Release|Any CPU.ActiveCfg = Release|Any CPU
		{84DDEF2B-6634-4974-904A-06387FEE02D3}.Release|Any CPU.Build.0 = Release|Any CPU
		{99CA70A5-DBB8-4611-B2B4-C2C7BBBDC5E3}.Debug|Any CPU.ActiveCfg = Debug|Any CPU
		{99CA70A5-DBB8-4611-B2B4-C2C7BBBDC5E3}.Debug|Any CPU.Build.0 = Debug|Any CPU
		{99CA70A5-DBB8-4611-B2B4-C2C7BBBDC5E3}.Release|Any CPU.ActiveCfg = Release|Any CPU
		{99CA70A5-DBB8-4611-B2B4-C2C7BBBDC5E3}.Release|Any CPU.Build.0 = Release|Any CPU
		{4E14A75F-7B87-4993-87D2-73535287B5A7}.Debug|Any CPU.ActiveCfg = Debug|Any CPU
		{4E14A75F-7B87-4993-87D2-73535287B5A7}.Debug|Any CPU.Build.0 = Debug|Any CPU
		{4E14A75F-7B87-4993-87D2-73535287B5A7}.Release|Any CPU.ActiveCfg = Release|Any CPU
		{4E14A75F-7B87-4993-87D2-73535287B5A7}.Release|Any CPU.Build.0 = Release|Any CPU
		{02798EAF-8892-4FF2-8EA8-BF386B0CC08B}.Debug|Any CPU.ActiveCfg = Debug|Any CPU
		{02798EAF-8892-4FF2-8EA8-BF386B0CC08B}.Debug|Any CPU.Build.0 = Debug|Any CPU
		{02798EAF-8892-4FF2-8EA8-BF386B0CC08B}.Release|Any CPU.ActiveCfg = Release|Any CPU
		{02798EAF-8892-4FF2-8EA8-BF386B0CC08B}.Release|Any CPU.Build.0 = Release|Any CPU
		{FEAD037D-5C94-4A7F-BFBA-F542B6CEA0DA}.Debug|Any CPU.ActiveCfg = Debug|Any CPU
		{FEAD037D-5C94-4A7F-BFBA-F542B6CEA0DA}.Debug|Any CPU.Build.0 = Debug|Any CPU
		{FEAD037D-5C94-4A7F-BFBA-F542B6CEA0DA}.Release|Any CPU.ActiveCfg = Release|Any CPU
		{FEAD037D-5C94-4A7F-BFBA-F542B6CEA0DA}.Release|Any CPU.Build.0 = Release|Any CPU
		{53AA2383-EB26-40BD-BC01-DD53441FF2BB}.Debug|Any CPU.ActiveCfg = Debug|Any CPU
		{53AA2383-EB26-40BD-BC01-DD53441FF2BB}.Debug|Any CPU.Build.0 = Debug|Any CPU
		{53AA2383-EB26-40BD-BC01-DD53441FF2BB}.Release|Any CPU.ActiveCfg = Release|Any CPU
		{53AA2383-EB26-40BD-BC01-DD53441FF2BB}.Release|Any CPU.Build.0 = Release|Any CPU
		{A50DC695-8BAD-4E71-A707-D5063A9C5CF5}.Debug|Any CPU.ActiveCfg = Debug|Any CPU
		{A50DC695-8BAD-4E71-A707-D5063A9C5CF5}.Debug|Any CPU.Build.0 = Debug|Any CPU
		{A50DC695-8BAD-4E71-A707-D5063A9C5CF5}.Release|Any CPU.ActiveCfg = Release|Any CPU
		{A50DC695-8BAD-4E71-A707-D5063A9C5CF5}.Release|Any CPU.Build.0 = Release|Any CPU
		{80645C33-C70A-4AC7-8457-309D40487267}.Debug|Any CPU.ActiveCfg = Debug|Any CPU
		{80645C33-C70A-4AC7-8457-309D40487267}.Debug|Any CPU.Build.0 = Debug|Any CPU
		{80645C33-C70A-4AC7-8457-309D40487267}.Release|Any CPU.ActiveCfg = Release|Any CPU
		{80645C33-C70A-4AC7-8457-309D40487267}.Release|Any CPU.Build.0 = Release|Any CPU
		{1126FB13-2416-411D-AFD8-AB6B98850FD4}.Debug|Any CPU.ActiveCfg = Debug|Any CPU
		{1126FB13-2416-411D-AFD8-AB6B98850FD4}.Debug|Any CPU.Build.0 = Debug|Any CPU
		{1126FB13-2416-411D-AFD8-AB6B98850FD4}.Release|Any CPU.ActiveCfg = Release|Any CPU
		{1126FB13-2416-411D-AFD8-AB6B98850FD4}.Release|Any CPU.Build.0 = Release|Any CPU
		{8A772F4C-F250-4D85-8C0A-E51C918B377F}.Debug|Any CPU.ActiveCfg = Debug|Any CPU
		{8A772F4C-F250-4D85-8C0A-E51C918B377F}.Debug|Any CPU.Build.0 = Debug|Any CPU
		{8A772F4C-F250-4D85-8C0A-E51C918B377F}.Release|Any CPU.ActiveCfg = Release|Any CPU
		{8A772F4C-F250-4D85-8C0A-E51C918B377F}.Release|Any CPU.Build.0 = Release|Any CPU
		{5087F76D-E6DA-4377-9BD3-24C72BD00122}.Debug|Any CPU.ActiveCfg = Debug|Any CPU
		{5087F76D-E6DA-4377-9BD3-24C72BD00122}.Debug|Any CPU.Build.0 = Debug|Any CPU
		{5087F76D-E6DA-4377-9BD3-24C72BD00122}.Release|Any CPU.ActiveCfg = Release|Any CPU
		{5087F76D-E6DA-4377-9BD3-24C72BD00122}.Release|Any CPU.Build.0 = Release|Any CPU
		{6E221968-5E5E-4E9A-9C08-0DFE134B8C10}.Debug|Any CPU.ActiveCfg = Debug|Any CPU
		{6E221968-5E5E-4E9A-9C08-0DFE134B8C10}.Debug|Any CPU.Build.0 = Debug|Any CPU
		{6E221968-5E5E-4E9A-9C08-0DFE134B8C10}.Release|Any CPU.ActiveCfg = Release|Any CPU
		{6E221968-5E5E-4E9A-9C08-0DFE134B8C10}.Release|Any CPU.Build.0 = Release|Any CPU
		{965F92A9-396B-4710-B78B-B83A765983CE}.Debug|Any CPU.ActiveCfg = Debug|Any CPU
		{965F92A9-396B-4710-B78B-B83A765983CE}.Debug|Any CPU.Build.0 = Debug|Any CPU
		{965F92A9-396B-4710-B78B-B83A765983CE}.Release|Any CPU.ActiveCfg = Release|Any CPU
		{965F92A9-396B-4710-B78B-B83A765983CE}.Release|Any CPU.Build.0 = Release|Any CPU
		{563306CC-C4EB-42B0-A5BA-E64D1419E115}.Debug|Any CPU.ActiveCfg = Debug|Any CPU
		{563306CC-C4EB-42B0-A5BA-E64D1419E115}.Debug|Any CPU.Build.0 = Debug|Any CPU
		{563306CC-C4EB-42B0-A5BA-E64D1419E115}.Release|Any CPU.ActiveCfg = Release|Any CPU
		{563306CC-C4EB-42B0-A5BA-E64D1419E115}.Release|Any CPU.Build.0 = Release|Any CPU
		{35C1927F-3CB4-4189-A2E7-BC281C053467}.Debug|Any CPU.ActiveCfg = Debug|Any CPU
		{35C1927F-3CB4-4189-A2E7-BC281C053467}.Debug|Any CPU.Build.0 = Debug|Any CPU
		{35C1927F-3CB4-4189-A2E7-BC281C053467}.Release|Any CPU.ActiveCfg = Release|Any CPU
		{35C1927F-3CB4-4189-A2E7-BC281C053467}.Release|Any CPU.Build.0 = Release|Any CPU
		{54B35910-100A-4CF4-88FC-D53804282124}.Debug|Any CPU.ActiveCfg = Debug|Any CPU
		{54B35910-100A-4CF4-88FC-D53804282124}.Debug|Any CPU.Build.0 = Debug|Any CPU
		{54B35910-100A-4CF4-88FC-D53804282124}.Release|Any CPU.ActiveCfg = Release|Any CPU
		{54B35910-100A-4CF4-88FC-D53804282124}.Release|Any CPU.Build.0 = Release|Any CPU
		{1A1AD2EE-660C-4249-8D99-2B3A71F7DE79}.Debug|Any CPU.ActiveCfg = Debug|Any CPU
		{1A1AD2EE-660C-4249-8D99-2B3A71F7DE79}.Debug|Any CPU.Build.0 = Debug|Any CPU
		{1A1AD2EE-660C-4249-8D99-2B3A71F7DE79}.Release|Any CPU.ActiveCfg = Release|Any CPU
		{1A1AD2EE-660C-4249-8D99-2B3A71F7DE79}.Release|Any CPU.Build.0 = Release|Any CPU
	EndGlobalSection
	GlobalSection(SolutionProperties) = preSolution
		HideSolutionNode = FALSE
	EndGlobalSection
	GlobalSection(ExtensibilityGlobals) = postSolution
		SolutionGuid = {7AEF4E17-8A03-4988-9569-79BD88E62A37}
	EndGlobalSection
EndGlobal
