
Microsoft Visual Studio Solution File, Format Version 12.00
# Visual Studio Version 17
VisualStudioVersion = 17.2.32630.192
MinimumVisualStudioVersion = 10.0.40219.1
Project("{9A19103F-16F7-4668-BE54-9A1E7A4F7556}") = "R5T.Z0036", "R5T.Z0036\R5T.Z0036.csproj", "{764B035A-F45A-477B-9390-62FC9562A702}"
EndProject
Project("{2150E333-8FDC-42A3-9474-1A3956D46DE8}") = "_Dependencies", "_Dependencies", "{4DDC3B6D-6042-4B0F-B3C2-D1FB48F0F4F8}"
EndProject
Project("{9A19103F-16F7-4668-BE54-9A1E7A4F7556}") = "R5T.T0166", "..\..\R5T.T0166\source\R5T.T0166\R5T.T0166.csproj", "{F7AAA33F-3C5E-4086-A3CD-2123E6228CD7}"
EndProject
Project("{9A19103F-16F7-4668-BE54-9A1E7A4F7556}") = "R5T.T0132", "..\..\R5T.T0132\source\R5T.T0132\R5T.T0132.csproj", "{9BF922C1-61AE-4448-BFC8-7E2049E6B695}"
EndProject
Project("{9A19103F-16F7-4668-BE54-9A1E7A4F7556}") = "R5T.T0131", "..\..\R5T.T0131\source\R5T.T0131\R5T.T0131.csproj", "{EDEDCDF1-C062-4FFB-B5CD-6FAE11B1F052}"
EndProject
Global
	GlobalSection(SolutionConfigurationPlatforms) = preSolution
		Debug|Any CPU = Debug|Any CPU
		Release|Any CPU = Release|Any CPU
	EndGlobalSection
	GlobalSection(ProjectConfigurationPlatforms) = postSolution
		{764B035A-F45A-477B-9390-62FC9562A702}.Debug|Any CPU.ActiveCfg = Debug|Any CPU
		{764B035A-F45A-477B-9390-62FC9562A702}.Debug|Any CPU.Build.0 = Debug|Any CPU
		{764B035A-F45A-477B-9390-62FC9562A702}.Release|Any CPU.ActiveCfg = Release|Any CPU
		{764B035A-F45A-477B-9390-62FC9562A702}.Release|Any CPU.Build.0 = Release|Any CPU
		{F7AAA33F-3C5E-4086-A3CD-2123E6228CD7}.Debug|Any CPU.ActiveCfg = Debug|Any CPU
		{F7AAA33F-3C5E-4086-A3CD-2123E6228CD7}.Debug|Any CPU.Build.0 = Debug|Any CPU
		{F7AAA33F-3C5E-4086-A3CD-2123E6228CD7}.Release|Any CPU.ActiveCfg = Release|Any CPU
		{F7AAA33F-3C5E-4086-A3CD-2123E6228CD7}.Release|Any CPU.Build.0 = Release|Any CPU
		{9BF922C1-61AE-4448-BFC8-7E2049E6B695}.Debug|Any CPU.ActiveCfg = Debug|Any CPU
		{9BF922C1-61AE-4448-BFC8-7E2049E6B695}.Debug|Any CPU.Build.0 = Debug|Any CPU
		{9BF922C1-61AE-4448-BFC8-7E2049E6B695}.Release|Any CPU.ActiveCfg = Release|Any CPU
		{9BF922C1-61AE-4448-BFC8-7E2049E6B695}.Release|Any CPU.Build.0 = Release|Any CPU
		{EDEDCDF1-C062-4FFB-B5CD-6FAE11B1F052}.Debug|Any CPU.ActiveCfg = Debug|Any CPU
		{EDEDCDF1-C062-4FFB-B5CD-6FAE11B1F052}.Debug|Any CPU.Build.0 = Debug|Any CPU
		{EDEDCDF1-C062-4FFB-B5CD-6FAE11B1F052}.Release|Any CPU.ActiveCfg = Release|Any CPU
		{EDEDCDF1-C062-4FFB-B5CD-6FAE11B1F052}.Release|Any CPU.Build.0 = Release|Any CPU
	EndGlobalSection
	GlobalSection(SolutionProperties) = preSolution
		HideSolutionNode = FALSE
	EndGlobalSection
	GlobalSection(NestedProjects) = preSolution
		{F7AAA33F-3C5E-4086-A3CD-2123E6228CD7} = {4DDC3B6D-6042-4B0F-B3C2-D1FB48F0F4F8}
		{9BF922C1-61AE-4448-BFC8-7E2049E6B695} = {4DDC3B6D-6042-4B0F-B3C2-D1FB48F0F4F8}
		{EDEDCDF1-C062-4FFB-B5CD-6FAE11B1F052} = {4DDC3B6D-6042-4B0F-B3C2-D1FB48F0F4F8}
	EndGlobalSection
	GlobalSection(ExtensibilityGlobals) = postSolution
		SolutionGuid = {8B252E3B-B773-4B15-A7A6-C2143342ADE9}
	EndGlobalSection
EndGlobal
